
Microsoft Visual Studio Solution File, Format Version 12.00
# Visual Studio Version 17
VisualStudioVersion = 17.6.33829.357
MinimumVisualStudioVersion = 10.0.40219.1
Project("{FAE04EC0-301F-11D3-BF4B-00C04F79EFBC}") = "Random Character Generator", "Random Character Generator\Random Character Generator.csproj", "{A93D7996-086F-4250-B4DC-7003B555913B}"
EndProject
Global
	GlobalSection(SolutionConfigurationPlatforms) = preSolution
		Debug|Any CPU = Debug|Any CPU
		Release|Any CPU = Release|Any CPU
	EndGlobalSection
	GlobalSection(ProjectConfigurationPlatforms) = postSolution
		{A93D7996-086F-4250-B4DC-7003B555913B}.Debug|Any CPU.ActiveCfg = Debug|Any CPU
		{A93D7996-086F-4250-B4DC-7003B555913B}.Debug|Any CPU.Build.0 = Debug|Any CPU
		{A93D7996-086F-4250-B4DC-7003B555913B}.Release|Any CPU.ActiveCfg = Release|Any CPU
		{A93D7996-086F-4250-B4DC-7003B555913B}.Release|Any CPU.Build.0 = Release|Any CPU
	EndGlobalSection
	GlobalSection(SolutionProperties) = preSolution
		HideSolutionNode = FALSE
	EndGlobalSection
	GlobalSection(ExtensibilityGlobals) = postSolution
		SolutionGuid = {FE60225A-18C5-4B5D-95FA-96254B601102}
	EndGlobalSection
EndGlobal
